
Microsoft Visual Studio Solution File, Format Version 12.00
# Visual Studio 2013
VisualStudioVersion = 12.0.21005.1
MinimumVisualStudioVersion = 10.0.40219.1
Project("{FAE04EC0-301F-11D3-BF4B-00C04F79EFBC}") = "MD_MapEditor", "MD_MapEditor\MD_MapEditor.csproj", "{AFCAEA90-1CCA-4BAA-81C3-7612ADAA3490}"
EndProject
Project("{2150E333-8FDC-42A3-9474-1A3956D46DE8}") = "Solution Items", "Solution Items", "{42FAD60D-98A5-4368-96D9-364B79613B27}"
EndProject
Global
	GlobalSection(SolutionConfigurationPlatforms) = preSolution
		Debug|Any CPU = Debug|Any CPU
		Debug|x86 = Debug|x86
		Release|Any CPU = Release|Any CPU
		Release|x86 = Release|x86
	EndGlobalSection
	GlobalSection(ProjectConfigurationPlatforms) = postSolution
		{AFCAEA90-1CCA-4BAA-81C3-7612ADAA3490}.Debug|Any CPU.ActiveCfg = Debug|Any CPU
		{AFCAEA90-1CCA-4BAA-81C3-7612ADAA3490}.Debug|Any CPU.Build.0 = Debug|Any CPU
		{AFCAEA90-1CCA-4BAA-81C3-7612ADAA3490}.Debug|x86.ActiveCfg = Debug|x86
		{AFCAEA90-1CCA-4BAA-81C3-7612ADAA3490}.Debug|x86.Build.0 = Debug|x86
		{AFCAEA90-1CCA-4BAA-81C3-7612ADAA3490}.Release|Any CPU.ActiveCfg = Release|Any CPU
		{AFCAEA90-1CCA-4BAA-81C3-7612ADAA3490}.Release|Any CPU.Build.0 = Release|Any CPU
		{AFCAEA90-1CCA-4BAA-81C3-7612ADAA3490}.Release|x86.ActiveCfg = Release|x86
		{AFCAEA90-1CCA-4BAA-81C3-7612ADAA3490}.Release|x86.Build.0 = Release|x86
	EndGlobalSection
	GlobalSection(SolutionProperties) = preSolution
		HideSolutionNode = FALSE
	EndGlobalSection
EndGlobal
